// !$*UTF8*$!
{
	archiveVersion = 1;
	classes = {
	};
	objectVersion = 50;
	objects = {

/* Begin PBXBuildFile section */
		8EEA5C24221CE086006CD170 /* AppDelegate.m in Sources */ = {isa = PBXBuildFile; fileRef = 8EEA5C23221CE086006CD170 /* AppDelegate.m */; };
		8EEA5C27221CE086006CD170 /* ViewController.m in Sources */ = {isa = PBXBuildFile; fileRef = 8EEA5C26221CE086006CD170 /* ViewController.m */; };
		8EEA5C2A221CE086006CD170 /* Main.storyboard in Resources */ = {isa = PBXBuildFile; fileRef = 8EEA5C28221CE086006CD170 /* Main.storyboard */; };
		8EEA5C2C221CE087006CD170 /* Assets.xcassets in Resources */ = {isa = PBXBuildFile; fileRef = 8EEA5C2B221CE087006CD170 /* Assets.xcassets */; };
		8EEA5C2F221CE087006CD170 /* LaunchScreen.storyboard in Resources */ = {isa = PBXBuildFile; fileRef = 8EEA5C2D221CE087006CD170 /* LaunchScreen.storyboard */; };
		8EEA5C32221CE087006CD170 /* main.m in Sources */ = {isa = PBXBuildFile; fileRef = 8EEA5C31221CE087006CD170 /* main.m */; };
		8EEA5C3C221CE087006CD170 /* gittest3Tests.m in Sources */ = {isa = PBXBuildFile; fileRef = 8EEA5C3B221CE087006CD170 /* gittest3Tests.m */; };
		8EEA5C47221CE087006CD170 /* gittest3UITests.m in Sources */ = {isa = PBXBuildFile; fileRef = 8EEA5C46221CE087006CD170 /* gittest3UITests.m */; };
/* End PBXBuildFile section */

/* Begin PBXContainerItemProxy section */
		8EEA5C38221CE087006CD170 /* PBXContainerItemProxy */ = {
			isa = PBXContainerItemProxy;
			containerPortal = 8EEA5C17221CE086006CD170 /* Project object */;
			proxyType = 1;
			remoteGlobalIDString = 8EEA5C1E221CE086006CD170;
			remoteInfo = gittest3;
		};
		8EEA5C43221CE087006CD170 /* PBXContainerItemProxy */ = {
			isa = PBXContainerItemProxy;
			containerPortal = 8EEA5C17221CE086006CD170 /* Project object */;
			proxyType = 1;
			remoteGlobalIDString = 8EEA5C1E221CE086006CD170;
			remoteInfo = gittest3;
		};
/* End PBXContainerItemProxy section */

/* Begin PBXFileReference section */
		8EEA5C1F221CE086006CD170 /* gittest3.app */ = {isa = PBXFileReference; explicitFileType = wrapper.application; includeInIndex = 0; path = gittest3.app; sourceTree = BUILT_PRODUCTS_DIR; };
		8EEA5C22221CE086006CD170 /* AppDelegate.h */ = {isa = PBXFileReference; lastKnownFileType = sourcecode.c.h; path = AppDelegate.h; sourceTree = "<group>"; };
		8EEA5C23221CE086006CD170 /* AppDelegate.m */ = {isa = PBXFileReference; lastKnownFileType = sourcecode.c.objc; path = AppDelegate.m; sourceTree = "<group>"; };
		8EEA5C25221CE086006CD170 /* ViewController.h */ = {isa = PBXFileReference; lastKnownFileType = sourcecode.c.h; path = ViewController.h; sourceTree = "<group>"; };
		8EEA5C26221CE086006CD170 /* ViewController.m */ = {isa = PBXFileReference; lastKnownFileType = sourcecode.c.objc; path = ViewController.m; sourceTree = "<group>"; };
		8EEA5C29221CE086006CD170 /* Base */ = {isa = PBXFileReference; lastKnownFileType = file.storyboard; name = Base; path = Base.lproj/Main.storyboard; sourceTree = "<group>"; };
		8EEA5C2B221CE087006CD170 /* Assets.xcassets */ = {isa = PBXFileReference; lastKnownFileType = folder.assetcatalog; path = Assets.xcassets; sourceTree = "<group>"; };
		8EEA5C2E221CE087006CD170 /* Base */ = {isa = PBXFileReference; lastKnownFileType = file.storyboard; name = Base; path = Base.lproj/LaunchScreen.storyboard; sourceTree = "<group>"; };
		8EEA5C30221CE087006CD170 /* Info.plist */ = {isa = PBXFileReference; lastKnownFileType = text.plist.xml; path = Info.plist; sourceTree = "<group>"; };
		8EEA5C31221CE087006CD170 /* main.m */ = {isa = PBXFileReference; lastKnownFileType = sourcecode.c.objc; path = main.m; sourceTree = "<group>"; };
		8EEA5C37221CE087006CD170 /* gittest3Tests.xctest */ = {isa = PBXFileReference; explicitFileType = wrapper.cfbundle; includeInIndex = 0; path = gittest3Tests.xctest; sourceTree = BUILT_PRODUCTS_DIR; };
		8EEA5C3B221CE087006CD170 /* gittest3Tests.m */ = {isa = PBXFileReference; lastKnownFileType = sourcecode.c.objc; path = gittest3Tests.m; sourceTree = "<group>"; };
		8EEA5C3D221CE087006CD170 /* Info.plist */ = {isa = PBXFileReference; lastKnownFileType = text.plist.xml; path = Info.plist; sourceTree = "<group>"; };
		8EEA5C42221CE087006CD170 /* gittest3UITests.xctest */ = {isa = PBXFileReference; explicitFileType = wrapper.cfbundle; includeInIndex = 0; path = gittest3UITests.xctest; sourceTree = BUILT_PRODUCTS_DIR; };
		8EEA5C46221CE087006CD170 /* gittest3UITests.m */ = {isa = PBXFileReference; lastKnownFileType = sourcecode.c.objc; path = gittest3UITests.m; sourceTree = "<group>"; };
		8EEA5C48221CE087006CD170 /* Info.plist */ = {isa = PBXFileReference; lastKnownFileType = text.plist.xml; path = Info.plist; sourceTree = "<group>"; };
/* End PBXFileReference section */

/* Begin PBXFrameworksBuildPhase section */
		8EEA5C1C221CE086006CD170 /* Frameworks */ = {
			isa = PBXFrameworksBuildPhase;
			buildActionMask = 2147483647;
			files = (
			);
			runOnlyForDeploymentPostprocessing = 0;
		};
		8EEA5C34221CE087006CD170 /* Frameworks */ = {
			isa = PBXFrameworksBuildPhase;
			buildActionMask = 2147483647;
			files = (
			);
			runOnlyForDeploymentPostprocessing = 0;
		};
		8EEA5C3F221CE087006CD170 /* Frameworks */ = {
			isa = PBXFrameworksBuildPhase;
			buildActionMask = 2147483647;
			files = (
			);
			runOnlyForDeploymentPostprocessing = 0;
		};
/* End PBXFrameworksBuildPhase section */

/* Begin PBXGroup section */
		8EEA5C16221CE086006CD170 = {
			isa = PBXGroup;
			children = (
				8EEA5C21221CE086006CD170 /* gittest3 */,
				8EEA5C3A221CE087006CD170 /* gittest3Tests */,
				8EEA5C45221CE087006CD170 /* gittest3UITests */,
				8EEA5C20221CE086006CD170 /* Products */,
			);
			sourceTree = "<group>";
		};
		8EEA5C20221CE086006CD170 /* Products */ = {
			isa = PBXGroup;
			children = (
				8EEA5C1F221CE086006CD170 /* gittest3.app */,
				8EEA5C37221CE087006CD170 /* gittest3Tests.xctest */,
				8EEA5C42221CE087006CD170 /* gittest3UITests.xctest */,
			);
			name = Products;
			sourceTree = "<group>";
		};
		8EEA5C21221CE086006CD170 /* gittest3 */ = {
			isa = PBXGroup;
			children = (
				8EEA5C22221CE086006CD170 /* AppDelegate.h */,
				8EEA5C23221CE086006CD170 /* AppDelegate.m */,
				8EEA5C25221CE086006CD170 /* ViewController.h */,
				8EEA5C26221CE086006CD170 /* ViewController.m */,
				8EEA5C28221CE086006CD170 /* Main.storyboard */,
				8EEA5C2B221CE087006CD170 /* Assets.xcassets */,
				8EEA5C2D221CE087006CD170 /* LaunchScreen.storyboard */,
				8EEA5C30221CE087006CD170 /* Info.plist */,
				8EEA5C31221CE087006CD170 /* main.m */,
			);
			path = gittest3;
			sourceTree = "<group>";
		};
		8EEA5C3A221CE087006CD170 /* gittest3Tests */ = {
			isa = PBXGroup;
			children = (
				8EEA5C3B221CE087006CD170 /* gittest3Tests.m */,
				8EEA5C3D221CE087006CD170 /* Info.plist */,
			);
			path = gittest3Tests;
			sourceTree = "<group>";
		};
		8EEA5C45221CE087006CD170 /* gittest3UITests */ = {
			isa = PBXGroup;
			children = (
				8EEA5C46221CE087006CD170 /* gittest3UITests.m */,
				8EEA5C48221CE087006CD170 /* Info.plist */,
			);
			path = gittest3UITests;
			sourceTree = "<group>";
		};
/* End PBXGroup section */

/* Begin PBXNativeTarget section */
		8EEA5C1E221CE086006CD170 /* gittest3 */ = {
			isa = PBXNativeTarget;
			buildConfigurationList = 8EEA5C4B221CE087006CD170 /* Build configuration list for PBXNativeTarget "gittest3" */;
			buildPhases = (
				8EEA5C1B221CE086006CD170 /* Sources */,
				8EEA5C1C221CE086006CD170 /* Frameworks */,
				8EEA5C1D221CE086006CD170 /* Resources */,
			);
			buildRules = (
			);
			dependencies = (
			);
			name = gittest3;
			productName = gittest3;
			productReference = 8EEA5C1F221CE086006CD170 /* gittest3.app */;
			productType = "com.apple.product-type.application";
		};
		8EEA5C36221CE087006CD170 /* gittest3Tests */ = {
			isa = PBXNativeTarget;
			buildConfigurationList = 8EEA5C4E221CE087006CD170 /* Build configuration list for PBXNativeTarget "gittest3Tests" */;
			buildPhases = (
				8EEA5C33221CE087006CD170 /* Sources */,
				8EEA5C34221CE087006CD170 /* Frameworks */,
				8EEA5C35221CE087006CD170 /* Resources */,
			);
			buildRules = (
			);
			dependencies = (
				8EEA5C39221CE087006CD170 /* PBXTargetDependency */,
			);
			name = gittest3Tests;
			productName = gittest3Tests;
			productReference = 8EEA5C37221CE087006CD170 /* gittest3Tests.xctest */;
			productType = "com.apple.product-type.bundle.unit-test";
		};
		8EEA5C41221CE087006CD170 /* gittest3UITests */ = {
			isa = PBXNativeTarget;
			buildConfigurationList = 8EEA5C51221CE087006CD170 /* Build configuration list for PBXNativeTarget "gittest3UITests" */;
			buildPhases = (
				8EEA5C3E221CE087006CD170 /* Sources */,
				8EEA5C3F221CE087006CD170 /* Frameworks */,
				8EEA5C40221CE087006CD170 /* Resources */,
			);
			buildRules = (
			);
			dependencies = (
				8EEA5C44221CE087006CD170 /* PBXTargetDependency */,
			);
			name = gittest3UITests;
			productName = gittest3UITests;
			productReference = 8EEA5C42221CE087006CD170 /* gittest3UITests.xctest */;
			productType = "com.apple.product-type.bundle.ui-testing";
		};
/* End PBXNativeTarget section */

/* Begin PBXProject section */
		8EEA5C17221CE086006CD170 /* Project object */ = {
			isa = PBXProject;
			attributes = {
				LastUpgradeCheck = 1010;
				ORGANIZATIONNAME = "UI设计";
				TargetAttributes = {
					8EEA5C1E221CE086006CD170 = {
						CreatedOnToolsVersion = 10.1;
					};
					8EEA5C36221CE087006CD170 = {
						CreatedOnToolsVersion = 10.1;
						TestTargetID = 8EEA5C1E221CE086006CD170;
					};
					8EEA5C41221CE087006CD170 = {
						CreatedOnToolsVersion = 10.1;
						TestTargetID = 8EEA5C1E221CE086006CD170;
					};
				};
			};
			buildConfigurationList = 8EEA5C1A221CE086006CD170 /* Build configuration list for PBXProject "gittest3" */;
			compatibilityVersion = "Xcode 9.3";
			developmentRegion = en;
			hasScannedForEncodings = 0;
			knownRegions = (
				en,
				Base,
			);
			mainGroup = 8EEA5C16221CE086006CD170;
			productRefGroup = 8EEA5C20221CE086006CD170 /* Products */;
			projectDirPath = "";
			projectRoot = "";
			targets = (
				8EEA5C1E221CE086006CD170 /* gittest3 */,
				8EEA5C36221CE087006CD170 /* gittest3Tests */,
				8EEA5C41221CE087006CD170 /* gittest3UITests */,
			);
		};
/* End PBXProject section */

/* Begin PBXResourcesBuildPhase section */
		8EEA5C1D221CE086006CD170 /* Resources */ = {
			isa = PBXResourcesBuildPhase;
			buildActionMask = 2147483647;
			files = (
				8EEA5C2F221CE087006CD170 /* LaunchScreen.storyboard in Resources */,
				8EEA5C2C221CE087006CD170 /* Assets.xcassets in Resources */,
				8EEA5C2A221CE086006CD170 /* Main.storyboard in Resources */,
			);
			runOnlyForDeploymentPostprocessing = 0;
		};
		8EEA5C35221CE087006CD170 /* Resources */ = {
			isa = PBXResourcesBuildPhase;
			buildActionMask = 2147483647;
			files = (
			);
			runOnlyForDeploymentPostprocessing = 0;
		};
		8EEA5C40221CE087006CD170 /* Resources */ = {
			isa = PBXResourcesBuildPhase;
			buildActionMask = 2147483647;
			files = (
			);
			runOnlyForDeploymentPostprocessing = 0;
		};
/* End PBXResourcesBuildPhase section */

/* Begin PBXSourcesBuildPhase section */
		8EEA5C1B221CE086006CD170 /* Sources */ = {
			isa = PBXSourcesBuildPhase;
			buildActionMask = 2147483647;
			files = (
				8EEA5C27221CE086006CD170 /* ViewController.m in Sources */,
				8EEA5C32221CE087006CD170 /* main.m in Sources */,
				8EEA5C24221CE086006CD170 /* AppDelegate.m in Sources */,
			);
			runOnlyForDeploymentPostprocessing = 0;
		};
		8EEA5C33221CE087006CD170 /* Sources */ = {
			isa = PBXSourcesBuildPhase;
			buildActionMask = 2147483647;
			files = (
				8EEA5C3C221CE087006CD170 /* gittest3Tests.m in Sources */,
			);
			runOnlyForDeploymentPostprocessing = 0;
		};
		8EEA5C3E221CE087006CD170 /* Sources */ = {
			isa = PBXSourcesBuildPhase;
			buildActionMask = 2147483647;
			files = (
				8EEA5C47221CE087006CD170 /* gittest3UITests.m in Sources */,
			);
			runOnlyForDeploymentPostprocessing = 0;
		};
/* End PBXSourcesBuildPhase section */

/* Begin PBXTargetDependency section */
		8EEA5C39221CE087006CD170 /* PBXTargetDependency */ = {
			isa = PBXTargetDependency;
			target = 8EEA5C1E221CE086006CD170 /* gittest3 */;
			targetProxy = 8EEA5C38221CE087006CD170 /* PBXContainerItemProxy */;
		};
		8EEA5C44221CE087006CD170 /* PBXTargetDependency */ = {
			isa = PBXTargetDependency;
			target = 8EEA5C1E221CE086006CD170 /* gittest3 */;
			targetProxy = 8EEA5C43221CE087006CD170 /* PBXContainerItemProxy */;
		};
/* End PBXTargetDependency section */

/* Begin PBXVariantGroup section */
		8EEA5C28221CE086006CD170 /* Main.storyboard */ = {
			isa = PBXVariantGroup;
			children = (
				8EEA5C29221CE086006CD170 /* Base */,
			);
			name = Main.storyboard;
			sourceTree = "<group>";
		};
		8EEA5C2D221CE087006CD170 /* LaunchScreen.storyboard */ = {
			isa = PBXVariantGroup;
			children = (
				8EEA5C2E221CE087006CD170 /* Base */,
			);
			name = LaunchScreen.storyboard;
			sourceTree = "<group>";
		};
/* End PBXVariantGroup section */

/* Begin XCBuildConfiguration section */
		8EEA5C49221CE087006CD170 /* Debug */ = {
			isa = XCBuildConfiguration;
			buildSettings = {
				ALWAYS_SEARCH_USER_PATHS = NO;
				CLANG_ANALYZER_NONNULL = YES;
				CLANG_ANALYZER_NUMBER_OBJECT_CONVERSION = YES_AGGRESSIVE;
				CLANG_CXX_LANGUAGE_STANDARD = "gnu++14";
				CLANG_CXX_LIBRARY = "libc++";
				CLANG_ENABLE_MODULES = YES;
				CLANG_ENABLE_OBJC_ARC = YES;
				CLANG_ENABLE_OBJC_WEAK = YES;
				CLANG_WARN_BLOCK_CAPTURE_AUTORELEASING = YES;
				CLANG_WARN_BOOL_CONVERSION = YES;
				CLANG_WARN_COMMA = YES;
				CLANG_WARN_CONSTANT_CONVERSION = YES;
				CLANG_WARN_DEPRECATED_OBJC_IMPLEMENTATIONS = YES;
				CLANG_WARN_DIRECT_OBJC_ISA_USAGE = YES_ERROR;
				CLANG_WARN_DOCUMENTATION_COMMENTS = YES;
				CLANG_WARN_EMPTY_BODY = YES;
				CLANG_WARN_ENUM_CONVERSION = YES;
				CLANG_WARN_INFINITE_RECURSION = YES;
				CLANG_WARN_INT_CONVERSION = YES;
				CLANG_WARN_NON_LITERAL_NULL_CONVERSION = YES;
				CLANG_WARN_OBJC_IMPLICIT_RETAIN_SELF = YES;
				CLANG_WARN_OBJC_LITERAL_CONVERSION = YES;
				CLANG_WARN_OBJC_ROOT_CLASS = YES_ERROR;
				CLANG_WARN_RANGE_LOOP_ANALYSIS = YES;
				CLANG_WARN_STRICT_PROTOTYPES = YES;
				CLANG_WARN_SUSPICIOUS_MOVE = YES;
				CLANG_WARN_UNGUARDED_AVAILABILITY = YES_AGGRESSIVE;
				CLANG_WARN_UNREACHABLE_CODE = YES;
				CLANG_WARN__DUPLICATE_METHOD_MATCH = YES;
				CODE_SIGN_IDENTITY = "iPhone Developer";
				COPY_PHASE_STRIP = NO;
				DEBUG_INFORMATION_FORMAT = dwarf;
				ENABLE_STRICT_OBJC_MSGSEND = YES;
				ENABLE_TESTABILITY = YES;
				GCC_C_LANGUAGE_STANDARD = gnu11;
				GCC_DYNAMIC_NO_PIC = NO;
				GCC_NO_COMMON_BLOCKS = YES;
				GCC_OPTIMIZATION_LEVEL = 0;
				GCC_PREPROCESSOR_DEFINITIONS = (
					"DEBUG=1",
					"$(inherited)",
				);
				GCC_WARN_64_TO_32_BIT_CONVERSION = YES;
				GCC_WARN_ABOUT_RETURN_TYPE = YES_ERROR;
				GCC_WARN_UNDECLARED_SELECTOR = YES;
				GCC_WARN_UNINITIALIZED_AUTOS = YES_AGGRESSIVE;
				GCC_WARN_UNUSED_FUNCTION = YES;
				GCC_WARN_UNUSED_VARIABLE = YES;
				IPHONEOS_DEPLOYMENT_TARGET = 12.1;
				MTL_ENABLE_DEBUG_INFO = INCLUDE_SOURCE;
				MTL_FAST_MATH = YES;
				ONLY_ACTIVE_ARCH = YES;
				SDKROOT = iphoneos;
			};
			name = Debug;
		};
		8EEA5C4A221CE087006CD170 /* Release */ = {
			isa = XCBuildConfiguration;
			buildSettings = {
				ALWAYS_SEARCH_USER_PATHS = NO;
				CLANG_ANALYZER_NONNULL = YES;
				CLANG_ANALYZER_NUMBER_OBJECT_CONVERSION = YES_AGGRESSIVE;
				CLANG_CXX_LANGUAGE_STANDARD = "gnu++14";
				CLANG_CXX_LIBRARY = "libc++";
				CLANG_ENABLE_MODULES = YES;
				CLANG_ENABLE_OBJC_ARC = YES;
				CLANG_ENABLE_OBJC_WEAK = YES;
				CLANG_WARN_BLOCK_CAPTURE_AUTORELEASING = YES;
				CLANG_WARN_BOOL_CONVERSION = YES;
				CLANG_WARN_COMMA = YES;
				CLANG_WARN_CONSTANT_CONVERSION = YES;
				CLANG_WARN_DEPRECATED_OBJC_IMPLEMENTATIONS = YES;
				CLANG_WARN_DIRECT_OBJC_ISA_USAGE = YES_ERROR;
				CLANG_WARN_DOCUMENTATION_COMMENTS = YES;
				CLANG_WARN_EMPTY_BODY = YES;
				CLANG_WARN_ENUM_CONVERSION = YES;
				CLANG_WARN_INFINITE_RECURSION = YES;
				CLANG_WARN_INT_CONVERSION = YES;
				CLANG_WARN_NON_LITERAL_NULL_CONVERSION = YES;
				CLANG_WARN_OBJC_IMPLICIT_RETAIN_SELF = YES;
				CLANG_WARN_OBJC_LITERAL_CONVERSION = YES;
				CLANG_WARN_OBJC_ROOT_CLASS = YES_ERROR;
				CLANG_WARN_RANGE_LOOP_ANALYSIS = YES;
				CLANG_WARN_STRICT_PROTOTYPES = YES;
				CLANG_WARN_SUSPICIOUS_MOVE = YES;
				CLANG_WARN_UNGUARDED_AVAILABILITY = YES_AGGRESSIVE;
				CLANG_WARN_UNREACHABLE_CODE = YES;
				CLANG_WARN__DUPLICATE_METHOD_MATCH = YES;
				CODE_SIGN_IDENTITY = "iPhone Developer";
				COPY_PHASE_STRIP = NO;
				DEBUG_INFORMATION_FORMAT = "dwarf-with-dsym";
				ENABLE_NS_ASSERTIONS = NO;
				ENABLE_STRICT_OBJC_MSGSEND = YES;
				GCC_C_LANGUAGE_STANDARD = gnu11;
				GCC_NO_COMMON_BLOCKS = YES;
				GCC_WARN_64_TO_32_BIT_CONVERSION = YES;
				GCC_WARN_ABOUT_RETURN_TYPE = YES_ERROR;
				GCC_WARN_UNDECLARED_SELECTOR = YES;
				GCC_WARN_UNINITIALIZED_AUTOS = YES_AGGRESSIVE;
				GCC_WARN_UNUSED_FUNCTION = YES;
				GCC_WARN_UNUSED_VARIABLE = YES;
				IPHONEOS_DEPLOYMENT_TARGET = 12.1;
				MTL_ENABLE_DEBUG_INFO = NO;
				MTL_FAST_MATH = YES;
				SDKROOT = iphoneos;
				VALIDATE_PRODUCT = YES;
			};
			name = Release;
		};
		8EEA5C4C221CE087006CD170 /* Debug */ = {
			isa = XCBuildConfiguration;
			buildSettings = {
				ASSETCATALOG_COMPILER_APPICON_NAME = AppIcon;
				CODE_SIGN_STYLE = Automatic;
				INFOPLIST_FILE = gittest3/Info.plist;
				LD_RUNPATH_SEARCH_PATHS = (
					"$(inherited)",
					"@executable_path/Frameworks",
				);
				PRODUCT_BUNDLE_IDENTIFIER = com.test.gittest3;
				PRODUCT_NAME = "$(TARGET_NAME)";
				TARGETED_DEVICE_FAMILY = "1,2";
			};
			name = Debug;
		};
		8EEA5C4D221CE087006CD170 /* Release */ = {
			isa = XCBuildConfiguration;
			buildSettings = {
				ASSETCATALOG_COMPILER_APPICON_NAME = AppIcon;
				CODE_SIGN_STYLE = Automatic;
				INFOPLIST_FILE = gittest3/Info.plist;
				LD_RUNPATH_SEARCH_PATHS = (
					"$(inherited)",
					"@executable_path/Frameworks",
				);
				PRODUCT_BUNDLE_IDENTIFIER = com.test.gittest3;
				PRODUCT_NAME = "$(TARGET_NAME)";
				TARGETED_DEVICE_FAMILY = "1,2";
			};
			name = Release;
		};
		8EEA5C4F221CE087006CD170 /* Debug */ = {
			isa = XCBuildConfiguration;
			buildSettings = {
				BUNDLE_LOADER = "$(TEST_HOST)";
				CODE_SIGN_STYLE = Automatic;
				INFOPLIST_FILE = gittest3Tests/Info.plist;
				LD_RUNPATH_SEARCH_PATHS = (
					"$(inherited)",
					"@executable_path/Frameworks",
					"@loader_path/Frameworks",
				);
				PRODUCT_BUNDLE_IDENTIFIER = com.test.gittest3Tests;
				PRODUCT_NAME = "$(TARGET_NAME)";
				TARGETED_DEVICE_FAMILY = "1,2";
				TEST_HOST = "$(BUILT_PRODUCTS_DIR)/gittest3.app/gittest3";
			};
			name = Debug;
		};
		8EEA5C50221CE087006CD170 /* Release */ = {
			isa = XCBuildConfiguration;
			buildSettings = {
				BUNDLE_LOADER = "$(TEST_HOST)";
				CODE_SIGN_STYLE = Automatic;
				INFOPLIST_FILE = gittest3Tests/Info.plist;
				LD_RUNPATH_SEARCH_PATHS = (
					"$(inherited)",
					"@executable_path/Frameworks",
					"@loader_path/Frameworks",
				);
				PRODUCT_BUNDLE_IDENTIFIER = com.test.gittest3Tests;
				PRODUCT_NAME = "$(TARGET_NAME)";
				TARGETED_DEVICE_FAMILY = "1,2";
				TEST_HOST = "$(BUILT_PRODUCTS_DIR)/gittest3.app/gittest3";
			};
			name = Release;
		};
		8EEA5C52221CE087006CD170 /* Debug */ = {
			isa = XCBuildConfiguration;
			buildSettings = {
				CODE_SIGN_STYLE = Automatic;
				INFOPLIST_FILE = gittest3UITests/Info.plist;
				LD_RUNPATH_SEARCH_PATHS = (
					"$(inherited)",
					"@executable_path/Frameworks",
					"@loader_path/Frameworks",
				);
				PRODUCT_BUNDLE_IDENTIFIER = com.test.gittest3UITests;
				PRODUCT_NAME = "$(TARGET_NAME)";
				TARGETED_DEVICE_FAMILY = "1,2";
				TEST_TARGET_NAME = gittest3;
			};
			name = Debug;
		};
		8EEA5C53221CE087006CD170 /* Release */ = {
			isa = XCBuildConfiguration;
			buildSettings = {
				CODE_SIGN_STYLE = Automatic;
				INFOPLIST_FILE = gittest3UITests/Info.plist;
				LD_RUNPATH_SEARCH_PATHS = (
					"$(inherited)",
					"@executable_path/Frameworks",
					"@loader_path/Frameworks",
				);
				PRODUCT_BUNDLE_IDENTIFIER = com.test.gittest3UITests;
				PRODUCT_NAME = "$(TARGET_NAME)";
				TARGETED_DEVICE_FAMILY = "1,2";
				TEST_TARGET_NAME = gittest3;
			};
			name = Release;
		};
/* End XCBuildConfiguration section */

/* Begin XCConfigurationList section */
		8EEA5C1A221CE086006CD170 /* Build configuration list for PBXProject "gittest3" */ = {
			isa = XCConfigurationList;
			buildConfigurations = (
				8EEA5C49221CE087006CD170 /* Debug */,
				8EEA5C4A221CE087006CD170 /* Release */,
			);
			defaultConfigurationIsVisible = 0;
			defaultConfigurationName = Release;
		};
		8EEA5C4B221CE087006CD170 /* Build configuration list for PBXNativeTarget "gittest3" */ = {
			isa = XCConfigurationList;
			buildConfigurations = (
				8EEA5C4C221CE087006CD170 /* Debug */,
				8EEA5C4D221CE087006CD170 /* Release */,
			);
			defaultConfigurationIsVisible = 0;
			defaultConfigurationName = Release;
		};
		8EEA5C4E221CE087006CD170 /* Build configuration list for PBXNativeTarget "gittest3Tests" */ = {
			isa = XCConfigurationList;
			buildConfigurations = (
				8EEA5C4F221CE087006CD170 /* Debug */,
				8EEA5C50221CE087006CD170 /* Release */,
			);
			defaultConfigurationIsVisible = 0;
			defaultConfigurationName = Release;
		};
		8EEA5C51221CE087006CD170 /* Build configuration list for PBXNativeTarget "gittest3UITests" */ = {
			isa = XCConfigurationList;
			buildConfigurations = (
				8EEA5C52221CE087006CD170 /* Debug */,
				8EEA5C53221CE087006CD170 /* Release */,
			);
			defaultConfigurationIsVisible = 0;
			defaultConfigurationName = Release;
		};
/* End XCConfigurationList section */
	};
	rootObject = 8EEA5C17221CE086006CD170 /* Project object */;
}
